Microsoft Visual Studio Solution File, Format Version 12.00
# Visual Studio 2012
Project("{FAE04EC0-301F-11D3-BF4B-00C04F79EFBC}") = "LangExt", "LangExt\LangExt.csproj", "{569B25F1-B14B-4E9C-A8F1-5C72828EBF4D}"
EndProject
Project("{FAE04EC0-301F-11D3-BF4B-00C04F79EFBC}") = "LangExt.Tests", "LangExt.Tests\LangExt.Tests.csproj", "{850CD15D-E125-42D0-9501-D3A9CF3DEB10}"
EndProject
Project("{F2A71F9B-5D33-465A-A702-920D77279786}") = "LangExt.Tests.FsCheck", "LangExt.Tests.FsCheck\LangExt.Tests.FsCheck.fsproj", "{E5149829-5EDB-4224-B712-713980DB010C}"
EndProject
Project("{2150E333-8FDC-42A3-9474-1A3956D46DE8}") = ".nuget", ".nuget", "{72552884-7A1D-4971-8DF2-F12E3F530575}"
	ProjectSection(SolutionItems) = preProject
		.nuget\NuGet.Config = .nuget\NuGet.Config
		.nuget\NuGet.exe = .nuget\NuGet.exe
		.nuget\NuGet.targets = .nuget\NuGet.targets
	EndProjectSection
EndProject
Global
	GlobalSection(SolutionConfigurationPlatforms) = preSolution
		Debug|Any CPU = Debug|Any CPU
		Release|Any CPU = Release|Any CPU
	EndGlobalSection
	GlobalSection(ProjectConfigurationPlatforms) = postSolution
		{569B25F1-B14B-4E9C-A8F1-5C72828EBF4D}.Debug|Any CPU.ActiveCfg = Debug|Any CPU
		{569B25F1-B14B-4E9C-A8F1-5C72828EBF4D}.Debug|Any CPU.Build.0 = Debug|Any CPU
		{569B25F1-B14B-4E9C-A8F1-5C72828EBF4D}.Release|Any CPU.ActiveCfg = Release|Any CPU
		{569B25F1-B14B-4E9C-A8F1-5C72828EBF4D}.Release|Any CPU.Build.0 = Release|Any CPU
		{850CD15D-E125-42D0-9501-D3A9CF3DEB10}.Debug|Any CPU.ActiveCfg = Debug|Any CPU
		{850CD15D-E125-42D0-9501-D3A9CF3DEB10}.Debug|Any CPU.Build.0 = Debug|Any CPU
		{850CD15D-E125-42D0-9501-D3A9CF3DEB10}.Release|Any CPU.ActiveCfg = Release|Any CPU
		{850CD15D-E125-42D0-9501-D3A9CF3DEB10}.Release|Any CPU.Build.0 = Release|Any CPU
		{E5149829-5EDB-4224-B712-713980DB010C}.Debug|Any CPU.ActiveCfg = Debug|Any CPU
		{E5149829-5EDB-4224-B712-713980DB010C}.Debug|Any CPU.Build.0 = Debug|Any CPU
		{E5149829-5EDB-4224-B712-713980DB010C}.Release|Any CPU.ActiveCfg = Release|Any CPU
		{E5149829-5EDB-4224-B712-713980DB010C}.Release|Any CPU.Build.0 = Release|Any CPU
	EndGlobalSection
	GlobalSection(SolutionProperties) = preSolution
		HideSolutionNode = FALSE
	EndGlobalSection
EndGlobal
