
Microsoft Visual Studio Solution File, Format Version 12.00
# Visual Studio 2012
Project("{FAE04EC0-301F-11D3-BF4B-00C04F79EFBC}") = "LangExt.Legacy", "LangExt.Legacy\LangExt.Legacy.csproj", "{4BAA89AC-D343-4A76-92D2-61B7A9A87CFE}"
EndProject
Project("{2150E333-8FDC-42A3-9474-1A3956D46DE8}") = ".nuget", ".nuget", "{FB3ADBBC-ABF9-40B1-9E2D-582925EFD878}"
	ProjectSection(SolutionItems) = preProject
		.nuget\NuGet.Config = .nuget\NuGet.Config
		.nuget\NuGet.exe = .nuget\NuGet.exe
		.nuget\NuGet.targets = .nuget\NuGet.targets
	EndProjectSection
EndProject
Global
	GlobalSection(SolutionConfigurationPlatforms) = preSolution
		Debug|Any CPU = Debug|Any CPU
		Release|Any CPU = Release|Any CPU
	EndGlobalSection
	GlobalSection(ProjectConfigurationPlatforms) = postSolution
		{4BAA89AC-D343-4A76-92D2-61B7A9A87CFE}.Debug|Any CPU.ActiveCfg = Debug|Any CPU
		{4BAA89AC-D343-4A76-92D2-61B7A9A87CFE}.Debug|Any CPU.Build.0 = Debug|Any CPU
		{4BAA89AC-D343-4A76-92D2-61B7A9A87CFE}.Release|Any CPU.ActiveCfg = Release|Any CPU
		{4BAA89AC-D343-4A76-92D2-61B7A9A87CFE}.Release|Any CPU.Build.0 = Release|Any CPU
	EndGlobalSection
	GlobalSection(SolutionProperties) = preSolution
		HideSolutionNode = FALSE
	EndGlobalSection
EndGlobal
